
Microsoft Visual Studio Solution File, Format Version 12.00
# Visual Studio Version 16
VisualStudioVersion = 16.0.30011.22
MinimumVisualStudioVersion = 10.0.40219.1
Project("{8BC9CEB8-8B4A-11D0-8D11-00A0C91BC942}") = "Prog2_Ueberladung_AutoIncDec", "Prog2_Ueberladung_AutoIncDec\Prog2_Ueberladung_AutoIncDec.vcxproj", "{83E29EF4-3E6F-41FA-94CA-B556B16C2A63}"
EndProject
Global
	GlobalSection(SolutionConfigurationPlatforms) = preSolution
		Debug|x64 = Debug|x64
		Debug|x86 = Debug|x86
		Release|x64 = Release|x64
		Release|x86 = Release|x86
	EndGlobalSection
	GlobalSection(ProjectConfigurationPlatforms) = postSolution
		{83E29EF4-3E6F-41FA-94CA-B556B16C2A63}.Debug|x64.ActiveCfg = Debug|x64
		{83E29EF4-3E6F-41FA-94CA-B556B16C2A63}.Debug|x64.Build.0 = Debug|x64
		{83E29EF4-3E6F-41FA-94CA-B556B16C2A63}.Debug|x86.ActiveCfg = Debug|Win32
		{83E29EF4-3E6F-41FA-94CA-B556B16C2A63}.Debug|x86.Build.0 = Debug|Win32
		{83E29EF4-3E6F-41FA-94CA-B556B16C2A63}.Release|x64.ActiveCfg = Release|x64
		{83E29EF4-3E6F-41FA-94CA-B556B16C2A63}.Release|x64.Build.0 = Release|x64
		{83E29EF4-3E6F-41FA-94CA-B556B16C2A63}.Release|x86.ActiveCfg = Release|Win32
		{83E29EF4-3E6F-41FA-94CA-B556B16C2A63}.Release|x86.Build.0 = Release|Win32
	EndGlobalSection
	GlobalSection(SolutionProperties) = preSolution
		HideSolutionNode = FALSE
	EndGlobalSection
	GlobalSection(ExtensibilityGlobals) = postSolution
		SolutionGuid = {88804171-01E5-4739-8BFB-4ABB087D5E10}
	EndGlobalSection
EndGlobal
