
Microsoft Visual Studio Solution File, Format Version 12.00
# Visual Studio Version 16
VisualStudioVersion = 16.0.30011.22
MinimumVisualStudioVersion = 10.0.40219.1
Project("{8BC9CEB8-8B4A-11D0-8D11-00A0C91BC942}") = "Prog2_SoS2020_OPSubskript1", "Prog2_SoS2020_OPSubskript1\Prog2_SoS2020_OPSubskript1.vcxproj", "{F49C71A7-2433-416C-8888-F85BED85B6DA}"
EndProject
Global
	GlobalSection(SolutionConfigurationPlatforms) = preSolution
		Debug|x64 = Debug|x64
		Debug|x86 = Debug|x86
		Release|x64 = Release|x64
		Release|x86 = Release|x86
	EndGlobalSection
	GlobalSection(ProjectConfigurationPlatforms) = postSolution
		{F49C71A7-2433-416C-8888-F85BED85B6DA}.Debug|x64.ActiveCfg = Debug|x64
		{F49C71A7-2433-416C-8888-F85BED85B6DA}.Debug|x64.Build.0 = Debug|x64
		{F49C71A7-2433-416C-8888-F85BED85B6DA}.Debug|x86.ActiveCfg = Debug|Win32
		{F49C71A7-2433-416C-8888-F85BED85B6DA}.Debug|x86.Build.0 = Debug|Win32
		{F49C71A7-2433-416C-8888-F85BED85B6DA}.Release|x64.ActiveCfg = Release|x64
		{F49C71A7-2433-416C-8888-F85BED85B6DA}.Release|x64.Build.0 = Release|x64
		{F49C71A7-2433-416C-8888-F85BED85B6DA}.Release|x86.ActiveCfg = Release|Win32
		{F49C71A7-2433-416C-8888-F85BED85B6DA}.Release|x86.Build.0 = Release|Win32
	EndGlobalSection
	GlobalSection(SolutionProperties) = preSolution
		HideSolutionNode = FALSE
	EndGlobalSection
	GlobalSection(ExtensibilityGlobals) = postSolution
		SolutionGuid = {724F3F88-79E2-490B-A923-3B23875CB0AB}
	EndGlobalSection
EndGlobal
